
Microsoft Visual Studio Solution File, Format Version 12.00
# Visual Studio Version 17
VisualStudioVersion = 17.7.34031.279
MinimumVisualStudioVersion = 10.0.40219.1
Project("{FAE04EC0-301F-11D3-BF4B-00C04F79EFBC}") = "Calculator", "Practice1\Calculator.csproj", "{6110D52F-C756-418A-9388-4E1D34049197}"
EndProject
Global
	GlobalSection(SolutionConfigurationPlatforms) = preSolution
		Debug|Any CPU = Debug|Any CPU
		Release|Any CPU = Release|Any CPU
	EndGlobalSection
	GlobalSection(ProjectConfigurationPlatforms) = postSolution
		{6110D52F-C756-418A-9388-4E1D34049197}.Debug|Any CPU.ActiveCfg = Debug|Any CPU
		{6110D52F-C756-418A-9388-4E1D34049197}.Debug|Any CPU.Build.0 = Debug|Any CPU
		{6110D52F-C756-418A-9388-4E1D34049197}.Release|Any CPU.ActiveCfg = Release|Any CPU
		{6110D52F-C756-418A-9388-4E1D34049197}.Release|Any CPU.Build.0 = Release|Any CPU
	EndGlobalSection
	GlobalSection(SolutionProperties) = preSolution
		HideSolutionNode = FALSE
	EndGlobalSection
	GlobalSection(ExtensibilityGlobals) = postSolution
		SolutionGuid = {1FA8B5CA-D8F5-445D-9D27-2CFFB8DC65C5}
	EndGlobalSection
EndGlobal
